
Microsoft Visual Studio Solution File, Format Version 12.00
# Visual Studio Version 16
VisualStudioVersion = 16.0.29409.12
MinimumVisualStudioVersion = 10.0.40219.1
Project("{FAE04EC0-301F-11D3-BF4B-00C04F79EFBC}") = "JiraIntegrationTool.NetFrameworkHost", "JiraIntegrationTool.NetFrameworkHost.csproj", "{11A6A31B-628A-4200-B24E-BD4BCF3038B7}"
EndProject
Global
	GlobalSection(SolutionConfigurationPlatforms) = preSolution
		Debug|Any CPU = Debug|Any CPU
		Release|Any CPU = Release|Any CPU
	EndGlobalSection
	GlobalSection(ProjectConfigurationPlatforms) = postSolution
		{11A6A31B-628A-4200-B24E-BD4BCF3038B7}.Debug|Any CPU.ActiveCfg = Debug|Any CPU
		{11A6A31B-628A-4200-B24E-BD4BCF3038B7}.Debug|Any CPU.Build.0 = Debug|Any CPU
		{11A6A31B-628A-4200-B24E-BD4BCF3038B7}.Release|Any CPU.ActiveCfg = Release|Any CPU
		{11A6A31B-628A-4200-B24E-BD4BCF3038B7}.Release|Any CPU.Build.0 = Release|Any CPU
	EndGlobalSection
	GlobalSection(SolutionProperties) = preSolution
		HideSolutionNode = FALSE
	EndGlobalSection
	GlobalSection(ExtensibilityGlobals) = postSolution
		SolutionGuid = {F44AE7C9-42D2-441D-90F0-A4734586950D}
	EndGlobalSection
EndGlobal
